
Microsoft Visual Studio Solution File, Format Version 12.00
# Visual Studio 15
VisualStudioVersion = 15.0.28307.572
MinimumVisualStudioVersion = 10.0.40219.1
Project("{FAE04EC0-301F-11D3-BF4B-00C04F79EFBC}") = "Pharmacy", "Pharmacy\Pharmacy.csproj", "{CA5588F5-A052-4542-B1C8-B498BDDBD1CF}"
EndProject
Global
	GlobalSection(SolutionConfigurationPlatforms) = preSolution
		Debug|Any CPU = Debug|Any CPU
		Release|Any CPU = Release|Any CPU
	EndGlobalSection
	GlobalSection(ProjectConfigurationPlatforms) = postSolution
		{CA5588F5-A052-4542-B1C8-B498BDDBD1CF}.Debug|Any CPU.ActiveCfg = Debug|Any CPU
		{CA5588F5-A052-4542-B1C8-B498BDDBD1CF}.Debug|Any CPU.Build.0 = Debug|Any CPU
		{CA5588F5-A052-4542-B1C8-B498BDDBD1CF}.Release|Any CPU.ActiveCfg = Release|Any CPU
		{CA5588F5-A052-4542-B1C8-B498BDDBD1CF}.Release|Any CPU.Build.0 = Release|Any CPU
	EndGlobalSection
	GlobalSection(SolutionProperties) = preSolution
		HideSolutionNode = FALSE
	EndGlobalSection
	GlobalSection(ExtensibilityGlobals) = postSolution
		SolutionGuid = {44F0A152-291B-4E8F-BDB9-A6015591039A}
	EndGlobalSection
EndGlobal
